
Microsoft Visual Studio Solution File, Format Version 12.00
# Visual Studio 2012
Project("{FAE04EC0-301F-11D3-BF4B-00C04F79EFBC}") = "OpenFileSystem", "OpenFileSystem\OpenFileSystem.csproj", "{D8C36958-6ECB-4B2D-B0B1-7295FC4A3F78}"
EndProject
Project("{FAE04EC0-301F-11D3-BF4B-00C04F79EFBC}") = "OpenFileSystem.Tests", "OpenFileSystem.Tests\OpenFileSystem.Tests.csproj", "{EAEA7586-AAC5-44F3-A8F2-976690E6F626}"
EndProject
Global
	GlobalSection(SolutionConfigurationPlatforms) = preSolution
		Debug|Any CPU = Debug|Any CPU
		Release|Any CPU = Release|Any CPU
	EndGlobalSection
	GlobalSection(ProjectConfigurationPlatforms) = postSolution
		{D8C36958-6ECB-4B2D-B0B1-7295FC4A3F78}.Debug|Any CPU.ActiveCfg = Debug|Any CPU
		{D8C36958-6ECB-4B2D-B0B1-7295FC4A3F78}.Debug|Any CPU.Build.0 = Debug|Any CPU
		{D8C36958-6ECB-4B2D-B0B1-7295FC4A3F78}.Release|Any CPU.ActiveCfg = Release|Any CPU
		{D8C36958-6ECB-4B2D-B0B1-7295FC4A3F78}.Release|Any CPU.Build.0 = Release|Any CPU
		{EAEA7586-AAC5-44F3-A8F2-976690E6F626}.Debug|Any CPU.ActiveCfg = Debug|Any CPU
		{EAEA7586-AAC5-44F3-A8F2-976690E6F626}.Debug|Any CPU.Build.0 = Debug|Any CPU
		{EAEA7586-AAC5-44F3-A8F2-976690E6F626}.Release|Any CPU.ActiveCfg = Release|Any CPU
		{EAEA7586-AAC5-44F3-A8F2-976690E6F626}.Release|Any CPU.Build.0 = Release|Any CPU
	EndGlobalSection
	GlobalSection(SolutionProperties) = preSolution
		HideSolutionNode = FALSE
	EndGlobalSection
EndGlobal
